# This file is automatically @generated by Cargo.
# It is not intended for manual editing.
version = 4

[[package]]
name = "nerva-bench"
version = "0.1.0"
dependencies = [
 "nerva-core",
 "nerva-kernel-contracts",
 "nerva-model",
 "nerva-runtime",
]

[[package]]
name = "nerva-core"
version = "0.1.0"

[[package]]
name = "nerva-cuda"
version = "0.1.0"

[[package]]
name = "nerva-kernel-contracts"
version = "0.1.0"
dependencies = [
 "nerva-core",
]

[[package]]
name = "nerva-ledger"
version = "0.1.0"
dependencies = [
 "nerva-core",
]

[[package]]
name = "nerva-memory"
version = "0.1.0"
dependencies = [
 "nerva-core",
 "nerva-ledger",
]

[[package]]
name = "nerva-model"
version = "0.1.0"
dependencies = [
 "nerva-core",
 "nerva-ledger",
]

[[package]]
name = "nerva-runtime"
version = "0.1.0"
dependencies = [
 "nerva-core",
 "nerva-cuda",
 "nerva-kernel-contracts",
 "nerva-ledger",
 "nerva-memory",
 "nerva-model",
]
